{
  "name": "dragon_pute",
  "lockfileVersion": 3,
  "requires": true,
  "packages": {
    "": {
      "dependencies": {
        "@jfcmontmorency/dragon-smaug": "^1.0.2"
      }
    },
    "node_modules/@jfcmontmorency/dragon-smaug": {
      "version": "1.0.2",
      "resolved": "https://registry.npmjs.org/@jfcmontmorency/dragon-smaug/-/dragon-smaug-1.0.2.tgz",
      "integrity": "sha512-7K4lKLbtKXsEXCdSKvSoZ1OpkYU5cia5NMyx+07TZlvF9o+DrPDa11+rM9Mz56RKmshblFuLrWGAeJE7DgdwOQ=="
    }
  }
}
